
Microsoft Visual Studio Solution File, Format Version 12.00
# Visual Studio Version 16
VisualStudioVersion = 16.0.29806.167
MinimumVisualStudioVersion = 10.0.40219.1
Project("{FAE04EC0-301F-11D3-BF4B-00C04F79EFBC}") = "Exercicio-20", "Exercicio-20.csproj", "{20FCCDCD-570B-469C-ADF4-3002F81EA75D}"
EndProject
Global
	GlobalSection(SolutionConfigurationPlatforms) = preSolution
		Debug|Any CPU = Debug|Any CPU
		Release|Any CPU = Release|Any CPU
	EndGlobalSection
	GlobalSection(ProjectConfigurationPlatforms) = postSolution
		{20FCCDCD-570B-469C-ADF4-3002F81EA75D}.Debug|Any CPU.ActiveCfg = Debug|Any CPU
		{20FCCDCD-570B-469C-ADF4-3002F81EA75D}.Debug|Any CPU.Build.0 = Debug|Any CPU
		{20FCCDCD-570B-469C-ADF4-3002F81EA75D}.Release|Any CPU.ActiveCfg = Release|Any CPU
		{20FCCDCD-570B-469C-ADF4-3002F81EA75D}.Release|Any CPU.Build.0 = Release|Any CPU
	EndGlobalSection
	GlobalSection(SolutionProperties) = preSolution
		HideSolutionNode = FALSE
	EndGlobalSection
	GlobalSection(ExtensibilityGlobals) = postSolution
		SolutionGuid = {BB128956-4AFE-40E2-8C75-4187635DF2A5}
	EndGlobalSection
EndGlobal
